
Microsoft Visual Studio Solution File, Format Version 12.00
# Visual Studio Version 17
VisualStudioVersion = 17.0.31912.275
MinimumVisualStudioVersion = 10.0.40219.1
Project("{FAE04EC0-301F-11D3-BF4B-00C04F79EFBC}") = "Task", "Task\Task.csproj", "{A16814FE-9FE3-4E55-9EEC-E5A9A3A176D5}"
EndProject
Global
	GlobalSection(SolutionConfigurationPlatforms) = preSolution
		Debug|Any CPU = Debug|Any CPU
		Release|Any CPU = Release|Any CPU
	EndGlobalSection
	GlobalSection(ProjectConfigurationPlatforms) = postSolution
		{A16814FE-9FE3-4E55-9EEC-E5A9A3A176D5}.Debug|Any CPU.ActiveCfg = Debug|Any CPU
		{A16814FE-9FE3-4E55-9EEC-E5A9A3A176D5}.Debug|Any CPU.Build.0 = Debug|Any CPU
		{A16814FE-9FE3-4E55-9EEC-E5A9A3A176D5}.Release|Any CPU.ActiveCfg = Release|Any CPU
		{A16814FE-9FE3-4E55-9EEC-E5A9A3A176D5}.Release|Any CPU.Build.0 = Release|Any CPU
	EndGlobalSection
	GlobalSection(SolutionProperties) = preSolution
		HideSolutionNode = FALSE
	EndGlobalSection
	GlobalSection(ExtensibilityGlobals) = postSolution
		SolutionGuid = {CC000FCC-E305-4F7D-AFBA-B6004D485F05}
	EndGlobalSection
EndGlobal
